// !$*UTF8*$!
{
	archiveVersion = 1;
	classes = {
	};
	objectVersion = 46;
	objects = {

/* Begin PBXBuildFile section */
		ACED3DF31E440FA300223D92 /* main.m in Sources */ = {isa = PBXBuildFile; fileRef = ACED3DF21E440FA300223D92 /* main.m */; };
		ACED3DF61E440FA300223D92 /* AppDelegate.m in Sources */ = {isa = PBXBuildFile; fileRef = ACED3DF51E440FA300223D92 /* AppDelegate.m */; };
		ACED3DF91E440FA300223D92 /* ViewController.m in Sources */ = {isa = PBXBuildFile; fileRef = ACED3DF81E440FA300223D92 /* ViewController.m */; };
		ACED3DFC1E440FA300223D92 /* Main.storyboard in Resources */ = {isa = PBXBuildFile; fileRef = ACED3DFA1E440FA300223D92 /* Main.storyboard */; };
		ACED3DFE1E440FA300223D92 /* Assets.xcassets in Resources */ = {isa = PBXBuildFile; fileRef = ACED3DFD1E440FA300223D92 /* Assets.xcassets */; };
		ACED3E011E440FA300223D92 /* LaunchScreen.storyboard in Resources */ = {isa = PBXBuildFile; fileRef = ACED3DFF1E440FA300223D92 /* LaunchScreen.storyboard */; };
		ACED3E0C1E440FA400223D92 /* ex2_1_12Tests.m in Sources */ = {isa = PBXBuildFile; fileRef = ACED3E0B1E440FA400223D92 /* ex2_1_12Tests.m */; };
		ACED3E171E440FA400223D92 /* ex2_1_12UITests.m in Sources */ = {isa = PBXBuildFile; fileRef = ACED3E161E440FA400223D92 /* ex2_1_12UITests.m */; };
		ACED3E251E440FB400223D92 /* Property List.plist in Resources */ = {isa = PBXBuildFile; fileRef = ACED3E241E440FB400223D92 /* Property List.plist */; };
/* End PBXBuildFile section */

/* Begin PBXContainerItemProxy section */
		ACED3E081E440FA400223D92 /* PBXContainerItemProxy */ = {
			isa = PBXContainerItemProxy;
			containerPortal = ACED3DE61E440FA300223D92 /* Project object */;
			proxyType = 1;
			remoteGlobalIDString = ACED3DED1E440FA300223D92;
			remoteInfo = "ex2-1-12";
		};
		ACED3E131E440FA400223D92 /* PBXContainerItemProxy */ = {
			isa = PBXContainerItemProxy;
			containerPortal = ACED3DE61E440FA300223D92 /* Project object */;
			proxyType = 1;
			remoteGlobalIDString = ACED3DED1E440FA300223D92;
			remoteInfo = "ex2-1-12";
		};
/* End PBXContainerItemProxy section */

/* Begin PBXFileReference section */
		ACED3DEE1E440FA300223D92 /* ex2-1-12.app */ = {isa = PBXFileReference; explicitFileType = wrapper.application; includeInIndex = 0; path = "ex2-1-12.app"; sourceTree = BUILT_PRODUCTS_DIR; };
		ACED3DF21E440FA300223D92 /* main.m */ = {isa = PBXFileReference; lastKnownFileType = sourcecode.c.objc; path = main.m; sourceTree = "<group>"; };
		ACED3DF41E440FA300223D92 /* AppDelegate.h */ = {isa = PBXFileReference; lastKnownFileType = sourcecode.c.h; path = AppDelegate.h; sourceTree = "<group>"; };
		ACED3DF51E440FA300223D92 /* AppDelegate.m */ = {isa = PBXFileReference; lastKnownFileType = sourcecode.c.objc; path = AppDelegate.m; sourceTree = "<group>"; };
		ACED3DF71E440FA300223D92 /* ViewController.h */ = {isa = PBXFileReference; lastKnownFileType = sourcecode.c.h; path = ViewController.h; sourceTree = "<group>"; };
		ACED3DF81E440FA300223D92 /* ViewController.m */ = {isa = PBXFileReference; lastKnownFileType = sourcecode.c.objc; path = ViewController.m; sourceTree = "<group>"; };
		ACED3DFB1E440FA300223D92 /* Base */ = {isa = PBXFileReference; lastKnownFileType = file.storyboard; name = Base; path = Base.lproj/Main.storyboard; sourceTree = "<group>"; };
		ACED3DFD1E440FA300223D92 /* Assets.xcassets */ = {isa = PBXFileReference; lastKnownFileType = folder.assetcatalog; path = Assets.xcassets; sourceTree = "<group>"; };
		ACED3E001E440FA300223D92 /* Base */ = {isa = PBXFileReference; lastKnownFileType = file.storyboard; name = Base; path = Base.lproj/LaunchScreen.storyboard; sourceTree = "<group>"; };
		ACED3E021E440FA300223D92 /* Info.plist */ = {isa = PBXFileReference; lastKnownFileType = text.plist.xml; path = Info.plist; sourceTree = "<group>"; };
		ACED3E071E440FA400223D92 /* ex2-1-12Tests.xctest */ = {isa = PBXFileReference; explicitFileType = wrapper.cfbundle; includeInIndex = 0; path = "ex2-1-12Tests.xctest"; sourceTree = BUILT_PRODUCTS_DIR; };
		ACED3E0B1E440FA400223D92 /* ex2_1_12Tests.m */ = {isa = PBXFileReference; lastKnownFileType = sourcecode.c.objc; path = ex2_1_12Tests.m; sourceTree = "<group>"; };
		ACED3E0D1E440FA400223D92 /* Info.plist */ = {isa = PBXFileReference; lastKnownFileType = text.plist.xml; path = Info.plist; sourceTree = "<group>"; };
		ACED3E121E440FA400223D92 /* ex2-1-12UITests.xctest */ = {isa = PBXFileReference; explicitFileType = wrapper.cfbundle; includeInIndex = 0; path = "ex2-1-12UITests.xctest"; sourceTree = BUILT_PRODUCTS_DIR; };
		ACED3E161E440FA400223D92 /* ex2_1_12UITests.m */ = {isa = PBXFileReference; lastKnownFileType = sourcecode.c.objc; path = ex2_1_12UITests.m; sourceTree = "<group>"; };
		ACED3E181E440FA400223D92 /* Info.plist */ = {isa = PBXFileReference; lastKnownFileType = text.plist.xml; path = Info.plist; sourceTree = "<group>"; };
		ACED3E241E440FB400223D92 /* Property List.plist */ = {isa = PBXFileReference; fileEncoding = 4; lastKnownFileType = text.plist.xml; path = "Property List.plist"; sourceTree = "<group>"; };
/* End PBXFileReference section */

/* Begin PBXFrameworksBuildPhase section */
		ACED3DEB1E440FA300223D92 /* Frameworks */ = {
			isa = PBXFrameworksBuildPhase;
			buildActionMask = 2147483647;
			files = (
			);
			runOnlyForDeploymentPostprocessing = 0;
		};
		ACED3E041E440FA400223D92 /* Frameworks */ = {
			isa = PBXFrameworksBuildPhase;
			buildActionMask = 2147483647;
			files = (
			);
			runOnlyForDeploymentPostprocessing = 0;
		};
		ACED3E0F1E440FA400223D92 /* Frameworks */ = {
			isa = PBXFrameworksBuildPhase;
			buildActionMask = 2147483647;
			files = (
			);
			runOnlyForDeploymentPostprocessing = 0;
		};
/* End PBXFrameworksBuildPhase section */

/* Begin PBXGroup section */
		ACED3DE51E440FA300223D92 = {
			isa = PBXGroup;
			children = (
				ACED3DF01E440FA300223D92 /* ex2-1-12 */,
				ACED3E0A1E440FA400223D92 /* ex2-1-12Tests */,
				ACED3E151E440FA400223D92 /* ex2-1-12UITests */,
				ACED3DEF1E440FA300223D92 /* Products */,
			);
			sourceTree = "<group>";
		};
		ACED3DEF1E440FA300223D92 /* Products */ = {
			isa = PBXGroup;
			children = (
				ACED3DEE1E440FA300223D92 /* ex2-1-12.app */,
				ACED3E071E440FA400223D92 /* ex2-1-12Tests.xctest */,
				ACED3E121E440FA400223D92 /* ex2-1-12UITests.xctest */,
			);
			name = Products;
			sourceTree = "<group>";
		};
		ACED3DF01E440FA300223D92 /* ex2-1-12 */ = {
			isa = PBXGroup;
			children = (
				ACED3DF41E440FA300223D92 /* AppDelegate.h */,
				ACED3DF51E440FA300223D92 /* AppDelegate.m */,
				ACED3DF71E440FA300223D92 /* ViewController.h */,
				ACED3DF81E440FA300223D92 /* ViewController.m */,
				ACED3DFA1E440FA300223D92 /* Main.storyboard */,
				ACED3DFD1E440FA300223D92 /* Assets.xcassets */,
				ACED3E241E440FB400223D92 /* Property List.plist */,
				ACED3DFF1E440FA300223D92 /* LaunchScreen.storyboard */,
				ACED3E021E440FA300223D92 /* Info.plist */,
				ACED3DF11E440FA300223D92 /* Supporting Files */,
			);
			path = "ex2-1-12";
			sourceTree = "<group>";
		};
		ACED3DF11E440FA300223D92 /* Supporting Files */ = {
			isa = PBXGroup;
			children = (
				ACED3DF21E440FA300223D92 /* main.m */,
			);
			name = "Supporting Files";
			sourceTree = "<group>";
		};
		ACED3E0A1E440FA400223D92 /* ex2-1-12Tests */ = {
			isa = PBXGroup;
			children = (
				ACED3E0B1E440FA400223D92 /* ex2_1_12Tests.m */,
				ACED3E0D1E440FA400223D92 /* Info.plist */,
			);
			path = "ex2-1-12Tests";
			sourceTree = "<group>";
		};
		ACED3E151E440FA400223D92 /* ex2-1-12UITests */ = {
			isa = PBXGroup;
			children = (
				ACED3E161E440FA400223D92 /* ex2_1_12UITests.m */,
				ACED3E181E440FA400223D92 /* Info.plist */,
			);
			path = "ex2-1-12UITests";
			sourceTree = "<group>";
		};
/* End PBXGroup section */

/* Begin PBXNativeTarget section */
		ACED3DED1E440FA300223D92 /* ex2-1-12 */ = {
			isa = PBXNativeTarget;
			buildConfigurationList = ACED3E1B1E440FA400223D92 /* Build configuration list for PBXNativeTarget "ex2-1-12" */;
			buildPhases = (
				ACED3DEA1E440FA300223D92 /* Sources */,
				ACED3DEB1E440FA300223D92 /* Frameworks */,
				ACED3DEC1E440FA300223D92 /* Resources */,
			);
			buildRules = (
			);
			dependencies = (
			);
			name = "ex2-1-12";
			productName = "ex2-1-12";
			productReference = ACED3DEE1E440FA300223D92 /* ex2-1-12.app */;
			productType = "com.apple.product-type.application";
		};
		ACED3E061E440FA400223D92 /* ex2-1-12Tests */ = {
			isa = PBXNativeTarget;
			buildConfigurationList = ACED3E1E1E440FA400223D92 /* Build configuration list for PBXNativeTarget "ex2-1-12Tests" */;
			buildPhases = (
				ACED3E031E440FA400223D92 /* Sources */,
				ACED3E041E440FA400223D92 /* Frameworks */,
				ACED3E051E440FA400223D92 /* Resources */,
			);
			buildRules = (
			);
			dependencies = (
				ACED3E091E440FA400223D92 /* PBXTargetDependency */,
			);
			name = "ex2-1-12Tests";
			productName = "ex2-1-12Tests";
			productReference = ACED3E071E440FA400223D92 /* ex2-1-12Tests.xctest */;
			productType = "com.apple.product-type.bundle.unit-test";
		};
		ACED3E111E440FA400223D92 /* ex2-1-12UITests */ = {
			isa = PBXNativeTarget;
			buildConfigurationList = ACED3E211E440FA400223D92 /* Build configuration list for PBXNativeTarget "ex2-1-12UITests" */;
			buildPhases = (
				ACED3E0E1E440FA400223D92 /* Sources */,
				ACED3E0F1E440FA400223D92 /* Frameworks */,
				ACED3E101E440FA400223D92 /* Resources */,
			);
			buildRules = (
			);
			dependencies = (
				ACED3E141E440FA400223D92 /* PBXTargetDependency */,
			);
			name = "ex2-1-12UITests";
			productName = "ex2-1-12UITests";
			productReference = ACED3E121E440FA400223D92 /* ex2-1-12UITests.xctest */;
			productType = "com.apple.product-type.bundle.ui-testing";
		};
/* End PBXNativeTarget section */

/* Begin PBXProject section */
		ACED3DE61E440FA300223D92 /* Project object */ = {
			isa = PBXProject;
			attributes = {
				LastUpgradeCheck = 0820;
				ORGANIZATIONNAME = "佐野浩代";
				TargetAttributes = {
					ACED3DED1E440FA300223D92 = {
						CreatedOnToolsVersion = 8.2.1;
						ProvisioningStyle = Automatic;
					};
					ACED3E061E440FA400223D92 = {
						CreatedOnToolsVersion = 8.2.1;
						ProvisioningStyle = Automatic;
						TestTargetID = ACED3DED1E440FA300223D92;
					};
					ACED3E111E440FA400223D92 = {
						CreatedOnToolsVersion = 8.2.1;
						ProvisioningStyle = Automatic;
						TestTargetID = ACED3DED1E440FA300223D92;
					};
				};
			};
			buildConfigurationList = ACED3DE91E440FA300223D92 /* Build configuration list for PBXProject "ex2-1-12" */;
			compatibilityVersion = "Xcode 3.2";
			developmentRegion = English;
			hasScannedForEncodings = 0;
			knownRegions = (
				en,
				Base,
			);
			mainGroup = ACED3DE51E440FA300223D92;
			productRefGroup = ACED3DEF1E440FA300223D92 /* Products */;
			projectDirPath = "";
			projectRoot = "";
			targets = (
				ACED3DED1E440FA300223D92 /* ex2-1-12 */,
				ACED3E061E440FA400223D92 /* ex2-1-12Tests */,
				ACED3E111E440FA400223D92 /* ex2-1-12UITests */,
			);
		};
/* End PBXProject section */

/* Begin PBXResourcesBuildPhase section */
		ACED3DEC1E440FA300223D92 /* Resources */ = {
			isa = PBXResourcesBuildPhase;
			buildActionMask = 2147483647;
			files = (
				ACED3E011E440FA300223D92 /* LaunchScreen.storyboard in Resources */,
				ACED3DFE1E440FA300223D92 /* Assets.xcassets in Resources */,
				ACED3E251E440FB400223D92 /* Property List.plist in Resources */,
				ACED3DFC1E440FA300223D92 /* Main.storyboard in Resources */,
			);
			runOnlyForDeploymentPostprocessing = 0;
		};
		ACED3E051E440FA400223D92 /* Resources */ = {
			isa = PBXResourcesBuildPhase;
			buildActionMask = 2147483647;
			files = (
			);
			runOnlyForDeploymentPostprocessing = 0;
		};
		ACED3E101E440FA400223D92 /* Resources */ = {
			isa = PBXResourcesBuildPhase;
			buildActionMask = 2147483647;
			files = (
			);
			runOnlyForDeploymentPostprocessing = 0;
		};
/* End PBXResourcesBuildPhase section */

/* Begin PBXSourcesBuildPhase section */
		ACED3DEA1E440FA300223D92 /* Sources */ = {
			isa = PBXSourcesBuildPhase;
			buildActionMask = 2147483647;
			files = (
				ACED3DF91E440FA300223D92 /* ViewController.m in Sources */,
				ACED3DF61E440FA300223D92 /* AppDelegate.m in Sources */,
				ACED3DF31E440FA300223D92 /* main.m in Sources */,
			);
			runOnlyForDeploymentPostprocessing = 0;
		};
		ACED3E031E440FA400223D92 /* Sources */ = {
			isa = PBXSourcesBuildPhase;
			buildActionMask = 2147483647;
			files = (
				ACED3E0C1E440FA400223D92 /* ex2_1_12Tests.m in Sources */,
			);
			runOnlyForDeploymentPostprocessing = 0;
		};
		ACED3E0E1E440FA400223D92 /* Sources */ = {
			isa = PBXSourcesBuildPhase;
			buildActionMask = 2147483647;
			files = (
				ACED3E171E440FA400223D92 /* ex2_1_12UITests.m in Sources */,
			);
			runOnlyForDeploymentPostprocessing = 0;
		};
/* End PBXSourcesBuildPhase section */

/* Begin PBXTargetDependency section */
		ACED3E091E440FA400223D92 /* PBXTargetDependency */ = {
			isa = PBXTargetDependency;
			target = ACED3DED1E440FA300223D92 /* ex2-1-12 */;
			targetProxy = ACED3E081E440FA400223D92 /* PBXContainerItemProxy */;
		};
		ACED3E141E440FA400223D92 /* PBXTargetDependency */ = {
			isa = PBXTargetDependency;
			target = ACED3DED1E440FA300223D92 /* ex2-1-12 */;
			targetProxy = ACED3E131E440FA400223D92 /* PBXContainerItemProxy */;
		};
/* End PBXTargetDependency section */

/* Begin PBXVariantGroup section */
		ACED3DFA1E440FA300223D92 /* Main.storyboard */ = {
			isa = PBXVariantGroup;
			children = (
				ACED3DFB1E440FA300223D92 /* Base */,
			);
			name = Main.storyboard;
			sourceTree = "<group>";
		};
		ACED3DFF1E440FA300223D92 /* LaunchScreen.storyboard */ = {
			isa = PBXVariantGroup;
			children = (
				ACED3E001E440FA300223D92 /* Base */,
			);
			name = LaunchScreen.storyboard;
			sourceTree = "<group>";
		};
/* End PBXVariantGroup section */

/* Begin XCBuildConfiguration section */
		ACED3E191E440FA400223D92 /* Debug */ = {
			isa = XCBuildConfiguration;
			buildSettings = {
				ALWAYS_SEARCH_USER_PATHS = NO;
				CLANG_ANALYZER_NONNULL = YES;
				CLANG_CXX_LANGUAGE_STANDARD = "gnu++0x";
				CLANG_CXX_LIBRARY = "libc++";
				CLANG_ENABLE_MODULES = YES;
				CLANG_ENABLE_OBJC_ARC = YES;
				CLANG_WARN_BOOL_CONVERSION = YES;
				CLANG_WARN_CONSTANT_CONVERSION = YES;
				CLANG_WARN_DIRECT_OBJC_ISA_USAGE = YES_ERROR;
				CLANG_WARN_DOCUMENTATION_COMMENTS = YES;
				CLANG_WARN_EMPTY_BODY = YES;
				CLANG_WARN_ENUM_CONVERSION = YES;
				CLANG_WARN_INFINITE_RECURSION = YES;
				CLANG_WARN_INT_CONVERSION = YES;
				CLANG_WARN_OBJC_ROOT_CLASS = YES_ERROR;
				CLANG_WARN_SUSPICIOUS_MOVE = YES;
				CLANG_WARN_UNREACHABLE_CODE = YES;
				CLANG_WARN__DUPLICATE_METHOD_MATCH = YES;
				"CODE_SIGN_IDENTITY[sdk=iphoneos*]" = "iPhone Developer";
				COPY_PHASE_STRIP = NO;
				DEBUG_INFORMATION_FORMAT = dwarf;
				ENABLE_STRICT_OBJC_MSGSEND = YES;
				ENABLE_TESTABILITY = YES;
				GCC_C_LANGUAGE_STANDARD = gnu99;
				GCC_DYNAMIC_NO_PIC = NO;
				GCC_NO_COMMON_BLOCKS = YES;
				GCC_OPTIMIZATION_LEVEL = 0;
				GCC_PREPROCESSOR_DEFINITIONS = (
					"DEBUG=1",
					"$(inherited)",
				);
				GCC_WARN_64_TO_32_BIT_CONVERSION = YES;
				GCC_WARN_ABOUT_RETURN_TYPE = YES_ERROR;
				GCC_WARN_UNDECLARED_SELECTOR = YES;
				GCC_WARN_UNINITIALIZED_AUTOS = YES_AGGRESSIVE;
				GCC_WARN_UNUSED_FUNCTION = YES;
				GCC_WARN_UNUSED_VARIABLE = YES;
				IPHONEOS_DEPLOYMENT_TARGET = 10.2;
				MTL_ENABLE_DEBUG_INFO = YES;
				ONLY_ACTIVE_ARCH = YES;
				SDKROOT = iphoneos;
				TARGETED_DEVICE_FAMILY = "1,2";
			};
			name = Debug;
		};
		ACED3E1A1E440FA400223D92 /* Release */ = {
			isa = XCBuildConfiguration;
			buildSettings = {
				ALWAYS_SEARCH_USER_PATHS = NO;
				CLANG_ANALYZER_NONNULL = YES;
				CLANG_CXX_LANGUAGE_STANDARD = "gnu++0x";
				CLANG_CXX_LIBRARY = "libc++";
				CLANG_ENABLE_MODULES = YES;
				CLANG_ENABLE_OBJC_ARC = YES;
				CLANG_WARN_BOOL_CONVERSION = YES;
				CLANG_WARN_CONSTANT_CONVERSION = YES;
				CLANG_WARN_DIRECT_OBJC_ISA_USAGE = YES_ERROR;
				CLANG_WARN_DOCUMENTATION_COMMENTS = YES;
				CLANG_WARN_EMPTY_BODY = YES;
				CLANG_WARN_ENUM_CONVERSION = YES;
				CLANG_WARN_INFINITE_RECURSION = YES;
				CLANG_WARN_INT_CONVERSION = YES;
				CLANG_WARN_OBJC_ROOT_CLASS = YES_ERROR;
				CLANG_WARN_SUSPICIOUS_MOVE = YES;
				CLANG_WARN_UNREACHABLE_CODE = YES;
				CLANG_WARN__DUPLICATE_METHOD_MATCH = YES;
				"CODE_SIGN_IDENTITY[sdk=iphoneos*]" = "iPhone Developer";
				COPY_PHASE_STRIP = NO;
				DEBUG_INFORMATION_FORMAT = "dwarf-with-dsym";
				ENABLE_NS_ASSERTIONS = NO;
				ENABLE_STRICT_OBJC_MSGSEND = YES;
				GCC_C_LANGUAGE_STANDARD = gnu99;
				GCC_NO_COMMON_BLOCKS = YES;
				GCC_WARN_64_TO_32_BIT_CONVERSION = YES;
				GCC_WARN_ABOUT_RETURN_TYPE = YES_ERROR;
				GCC_WARN_UNDECLARED_SELECTOR = YES;
				GCC_WARN_UNINITIALIZED_AUTOS = YES_AGGRESSIVE;
				GCC_WARN_UNUSED_FUNCTION = YES;
				GCC_WARN_UNUSED_VARIABLE = YES;
				IPHONEOS_DEPLOYMENT_TARGET = 10.2;
				MTL_ENABLE_DEBUG_INFO = NO;
				SDKROOT = iphoneos;
				TARGETED_DEVICE_FAMILY = "1,2";
				VALIDATE_PRODUCT = YES;
			};
			name = Release;
		};
		ACED3E1C1E440FA400223D92 /* Debug */ = {
			isa = XCBuildConfiguration;
			buildSettings = {
				ASSETCATALOG_COMPILER_APPICON_NAME = AppIcon;
				INFOPLIST_FILE = "ex2-1-12/Info.plist";
				LD_RUNPATH_SEARCH_PATHS = "$(inherited) @executable_path/Frameworks";
				PRODUCT_BUNDLE_IDENTIFIER = "hiroyoyo.ex2-1-12";
				PRODUCT_NAME = "$(TARGET_NAME)";
			};
			name = Debug;
		};
		ACED3E1D1E440FA400223D92 /* Release */ = {
			isa = XCBuildConfiguration;
			buildSettings = {
				ASSETCATALOG_COMPILER_APPICON_NAME = AppIcon;
				INFOPLIST_FILE = "ex2-1-12/Info.plist";
				LD_RUNPATH_SEARCH_PATHS = "$(inherited) @executable_path/Frameworks";
				PRODUCT_BUNDLE_IDENTIFIER = "hiroyoyo.ex2-1-12";
				PRODUCT_NAME = "$(TARGET_NAME)";
			};
			name = Release;
		};
		ACED3E1F1E440FA400223D92 /* Debug */ = {
			isa = XCBuildConfiguration;
			buildSettings = {
				BUNDLE_LOADER = "$(TEST_HOST)";
				INFOPLIST_FILE = "ex2-1-12Tests/Info.plist";
				LD_RUNPATH_SEARCH_PATHS = "$(inherited) @executable_path/Frameworks @loader_path/Frameworks";
				PRODUCT_BUNDLE_IDENTIFIER = "hiroyoyo.ex2-1-12Tests";
				PRODUCT_NAME = "$(TARGET_NAME)";
				TEST_HOST = "$(BUILT_PRODUCTS_DIR)/ex2-1-12.app/ex2-1-12";
			};
			name = Debug;
		};
		ACED3E201E440FA400223D92 /* Release */ = {
			isa = XCBuildConfiguration;
			buildSettings = {
				BUNDLE_LOADER = "$(TEST_HOST)";
				INFOPLIST_FILE = "ex2-1-12Tests/Info.plist";
				LD_RUNPATH_SEARCH_PATHS = "$(inherited) @executable_path/Frameworks @loader_path/Frameworks";
				PRODUCT_BUNDLE_IDENTIFIER = "hiroyoyo.ex2-1-12Tests";
				PRODUCT_NAME = "$(TARGET_NAME)";
				TEST_HOST = "$(BUILT_PRODUCTS_DIR)/ex2-1-12.app/ex2-1-12";
			};
			name = Release;
		};
		ACED3E221E440FA400223D92 /* Debug */ = {
			isa = XCBuildConfiguration;
			buildSettings = {
				INFOPLIST_FILE = "ex2-1-12UITests/Info.plist";
				LD_RUNPATH_SEARCH_PATHS = "$(inherited) @executable_path/Frameworks @loader_path/Frameworks";
				PRODUCT_BUNDLE_IDENTIFIER = "hiroyoyo.ex2-1-12UITests";
				PRODUCT_NAME = "$(TARGET_NAME)";
				TEST_TARGET_NAME = "ex2-1-12";
			};
			name = Debug;
		};
		ACED3E231E440FA400223D92 /* Release */ = {
			isa = XCBuildConfiguration;
			buildSettings = {
				INFOPLIST_FILE = "ex2-1-12UITests/Info.plist";
				LD_RUNPATH_SEARCH_PATHS = "$(inherited) @executable_path/Frameworks @loader_path/Frameworks";
				PRODUCT_BUNDLE_IDENTIFIER = "hiroyoyo.ex2-1-12UITests";
				PRODUCT_NAME = "$(TARGET_NAME)";
				TEST_TARGET_NAME = "ex2-1-12";
			};
			name = Release;
		};
/* End XCBuildConfiguration section */

/* Begin XCConfigurationList section */
		ACED3DE91E440FA300223D92 /* Build configuration list for PBXProject "ex2-1-12" */ = {
			isa = XCConfigurationList;
			buildConfigurations = (
				ACED3E191E440FA400223D92 /* Debug */,
				ACED3E1A1E440FA400223D92 /* Release */,
			);
			defaultConfigurationIsVisible = 0;
			defaultConfigurationName = Release;
		};
		ACED3E1B1E440FA400223D92 /* Build configuration list for PBXNativeTarget "ex2-1-12" */ = {
			isa = XCConfigurationList;
			buildConfigurations = (
				ACED3E1C1E440FA400223D92 /* Debug */,
				ACED3E1D1E440FA400223D92 /* Release */,
			);
			defaultConfigurationIsVisible = 0;
		};
		ACED3E1E1E440FA400223D92 /* Build configuration list for PBXNativeTarget "ex2-1-12Tests" */ = {
			isa = XCConfigurationList;
			buildConfigurations = (
				ACED3E1F1E440FA400223D92 /* Debug */,
				ACED3E201E440FA400223D92 /* Release */,
			);
			defaultConfigurationIsVisible = 0;
		};
		ACED3E211E440FA400223D92 /* Build configuration list for PBXNativeTarget "ex2-1-12UITests" */ = {
			isa = XCConfigurationList;
			buildConfigurations = (
				ACED3E221E440FA400223D92 /* Debug */,
				ACED3E231E440FA400223D92 /* Release */,
			);
			defaultConfigurationIsVisible = 0;
		};
/* End XCConfigurationList section */
	};
	rootObject = ACED3DE61E440FA300223D92 /* Project object */;
}
