// !$*UTF8*$!
{
	archiveVersion = 1;
	classes = {
	};
	objectVersion = 46;
	objects = {

/* Begin PBXBuildFile section */
		7100A5F01E021B4400CB471D /* main.m in Sources */ = {isa = PBXBuildFile; fileRef = 7100A5EF1E021B4400CB471D /* main.m */; };
		7100A5F31E021B4400CB471D /* AppDelegate.m in Sources */ = {isa = PBXBuildFile; fileRef = 7100A5F21E021B4400CB471D /* AppDelegate.m */; };
		7100A5F61E021B4400CB471D /* ViewController.m in Sources */ = {isa = PBXBuildFile; fileRef = 7100A5F51E021B4400CB471D /* ViewController.m */; };
		7100A5F91E021B4500CB471D /* Main.storyboard in Resources */ = {isa = PBXBuildFile; fileRef = 7100A5F71E021B4500CB471D /* Main.storyboard */; };
		7100A5FB1E021B4500CB471D /* Assets.xcassets in Resources */ = {isa = PBXBuildFile; fileRef = 7100A5FA1E021B4500CB471D /* Assets.xcassets */; };
		7100A5FE1E021B4500CB471D /* LaunchScreen.storyboard in Resources */ = {isa = PBXBuildFile; fileRef = 7100A5FC1E021B4500CB471D /* LaunchScreen.storyboard */; };
		7100A6091E021B4500CB471D /* stpTests.m in Sources */ = {isa = PBXBuildFile; fileRef = 7100A6081E021B4500CB471D /* stpTests.m */; };
		7100A6141E021B4500CB471D /* stpUITests.m in Sources */ = {isa = PBXBuildFile; fileRef = 7100A6131E021B4500CB471D /* stpUITests.m */; };
/* End PBXBuildFile section */

/* Begin PBXContainerItemProxy section */
		7100A6051E021B4500CB471D /* PBXContainerItemProxy */ = {
			isa = PBXContainerItemProxy;
			containerPortal = 7100A5E31E021B4400CB471D /* Project object */;
			proxyType = 1;
			remoteGlobalIDString = 7100A5EA1E021B4400CB471D;
			remoteInfo = stp;
		};
		7100A6101E021B4500CB471D /* PBXContainerItemProxy */ = {
			isa = PBXContainerItemProxy;
			containerPortal = 7100A5E31E021B4400CB471D /* Project object */;
			proxyType = 1;
			remoteGlobalIDString = 7100A5EA1E021B4400CB471D;
			remoteInfo = stp;
		};
/* End PBXContainerItemProxy section */

/* Begin PBXFileReference section */
		7100A5EB1E021B4400CB471D /* stp.app */ = {isa = PBXFileReference; explicitFileType = wrapper.application; includeInIndex = 0; path = stp.app; sourceTree = BUILT_PRODUCTS_DIR; };
		7100A5EF1E021B4400CB471D /* main.m */ = {isa = PBXFileReference; lastKnownFileType = sourcecode.c.objc; path = main.m; sourceTree = "<group>"; };
		7100A5F11E021B4400CB471D /* AppDelegate.h */ = {isa = PBXFileReference; lastKnownFileType = sourcecode.c.h; path = AppDelegate.h; sourceTree = "<group>"; };
		7100A5F21E021B4400CB471D /* AppDelegate.m */ = {isa = PBXFileReference; lastKnownFileType = sourcecode.c.objc; path = AppDelegate.m; sourceTree = "<group>"; };
		7100A5F41E021B4400CB471D /* ViewController.h */ = {isa = PBXFileReference; lastKnownFileType = sourcecode.c.h; path = ViewController.h; sourceTree = "<group>"; };
		7100A5F51E021B4400CB471D /* ViewController.m */ = {isa = PBXFileReference; lastKnownFileType = sourcecode.c.objc; path = ViewController.m; sourceTree = "<group>"; };
		7100A5F81E021B4500CB471D /* Base */ = {isa = PBXFileReference; lastKnownFileType = file.storyboard; name = Base; path = Base.lproj/Main.storyboard; sourceTree = "<group>"; };
		7100A5FA1E021B4500CB471D /* Assets.xcassets */ = {isa = PBXFileReference; lastKnownFileType = folder.assetcatalog; path = Assets.xcassets; sourceTree = "<group>"; };
		7100A5FD1E021B4500CB471D /* Base */ = {isa = PBXFileReference; lastKnownFileType = file.storyboard; name = Base; path = Base.lproj/LaunchScreen.storyboard; sourceTree = "<group>"; };
		7100A5FF1E021B4500CB471D /* Info.plist */ = {isa = PBXFileReference; lastKnownFileType = text.plist.xml; path = Info.plist; sourceTree = "<group>"; };
		7100A6041E021B4500CB471D /* stpTests.xctest */ = {isa = PBXFileReference; explicitFileType = wrapper.cfbundle; includeInIndex = 0; path = stpTests.xctest; sourceTree = BUILT_PRODUCTS_DIR; };
		7100A6081E021B4500CB471D /* stpTests.m */ = {isa = PBXFileReference; lastKnownFileType = sourcecode.c.objc; path = stpTests.m; sourceTree = "<group>"; };
		7100A60A1E021B4500CB471D /* Info.plist */ = {isa = PBXFileReference; lastKnownFileType = text.plist.xml; path = Info.plist; sourceTree = "<group>"; };
		7100A60F1E021B4500CB471D /* stpUITests.xctest */ = {isa = PBXFileReference; explicitFileType = wrapper.cfbundle; includeInIndex = 0; path = stpUITests.xctest; sourceTree = BUILT_PRODUCTS_DIR; };
		7100A6131E021B4500CB471D /* stpUITests.m */ = {isa = PBXFileReference; lastKnownFileType = sourcecode.c.objc; path = stpUITests.m; sourceTree = "<group>"; };
		7100A6151E021B4500CB471D /* Info.plist */ = {isa = PBXFileReference; lastKnownFileType = text.plist.xml; path = Info.plist; sourceTree = "<group>"; };
/* End PBXFileReference section */

/* Begin PBXFrameworksBuildPhase section */
		7100A5E81E021B4400CB471D /* Frameworks */ = {
			isa = PBXFrameworksBuildPhase;
			buildActionMask = 2147483647;
			files = (
			);
			runOnlyForDeploymentPostprocessing = 0;
		};
		7100A6011E021B4500CB471D /* Frameworks */ = {
			isa = PBXFrameworksBuildPhase;
			buildActionMask = 2147483647;
			files = (
			);
			runOnlyForDeploymentPostprocessing = 0;
		};
		7100A60C1E021B4500CB471D /* Frameworks */ = {
			isa = PBXFrameworksBuildPhase;
			buildActionMask = 2147483647;
			files = (
			);
			runOnlyForDeploymentPostprocessing = 0;
		};
/* End PBXFrameworksBuildPhase section */

/* Begin PBXGroup section */
		7100A5E21E021B4400CB471D = {
			isa = PBXGroup;
			children = (
				7100A5ED1E021B4400CB471D /* stp */,
				7100A6071E021B4500CB471D /* stpTests */,
				7100A6121E021B4500CB471D /* stpUITests */,
				7100A5EC1E021B4400CB471D /* Products */,
			);
			sourceTree = "<group>";
		};
		7100A5EC1E021B4400CB471D /* Products */ = {
			isa = PBXGroup;
			children = (
				7100A5EB1E021B4400CB471D /* stp.app */,
				7100A6041E021B4500CB471D /* stpTests.xctest */,
				7100A60F1E021B4500CB471D /* stpUITests.xctest */,
			);
			name = Products;
			sourceTree = "<group>";
		};
		7100A5ED1E021B4400CB471D /* stp */ = {
			isa = PBXGroup;
			children = (
				7100A5F11E021B4400CB471D /* AppDelegate.h */,
				7100A5F21E021B4400CB471D /* AppDelegate.m */,
				7100A5F41E021B4400CB471D /* ViewController.h */,
				7100A5F51E021B4400CB471D /* ViewController.m */,
				7100A5F71E021B4500CB471D /* Main.storyboard */,
				7100A5FA1E021B4500CB471D /* Assets.xcassets */,
				7100A5FC1E021B4500CB471D /* LaunchScreen.storyboard */,
				7100A5FF1E021B4500CB471D /* Info.plist */,
				7100A5EE1E021B4400CB471D /* Supporting Files */,
			);
			path = stp;
			sourceTree = "<group>";
		};
		7100A5EE1E021B4400CB471D /* Supporting Files */ = {
			isa = PBXGroup;
			children = (
				7100A5EF1E021B4400CB471D /* main.m */,
			);
			name = "Supporting Files";
			sourceTree = "<group>";
		};
		7100A6071E021B4500CB471D /* stpTests */ = {
			isa = PBXGroup;
			children = (
				7100A6081E021B4500CB471D /* stpTests.m */,
				7100A60A1E021B4500CB471D /* Info.plist */,
			);
			path = stpTests;
			sourceTree = "<group>";
		};
		7100A6121E021B4500CB471D /* stpUITests */ = {
			isa = PBXGroup;
			children = (
				7100A6131E021B4500CB471D /* stpUITests.m */,
				7100A6151E021B4500CB471D /* Info.plist */,
			);
			path = stpUITests;
			sourceTree = "<group>";
		};
/* End PBXGroup section */

/* Begin PBXNativeTarget section */
		7100A5EA1E021B4400CB471D /* stp */ = {
			isa = PBXNativeTarget;
			buildConfigurationList = 7100A6181E021B4500CB471D /* Build configuration list for PBXNativeTarget "stp" */;
			buildPhases = (
				7100A5E71E021B4400CB471D /* Sources */,
				7100A5E81E021B4400CB471D /* Frameworks */,
				7100A5E91E021B4400CB471D /* Resources */,
			);
			buildRules = (
			);
			dependencies = (
			);
			name = stp;
			productName = stp;
			productReference = 7100A5EB1E021B4400CB471D /* stp.app */;
			productType = "com.apple.product-type.application";
		};
		7100A6031E021B4500CB471D /* stpTests */ = {
			isa = PBXNativeTarget;
			buildConfigurationList = 7100A61B1E021B4500CB471D /* Build configuration list for PBXNativeTarget "stpTests" */;
			buildPhases = (
				7100A6001E021B4500CB471D /* Sources */,
				7100A6011E021B4500CB471D /* Frameworks */,
				7100A6021E021B4500CB471D /* Resources */,
			);
			buildRules = (
			);
			dependencies = (
				7100A6061E021B4500CB471D /* PBXTargetDependency */,
			);
			name = stpTests;
			productName = stpTests;
			productReference = 7100A6041E021B4500CB471D /* stpTests.xctest */;
			productType = "com.apple.product-type.bundle.unit-test";
		};
		7100A60E1E021B4500CB471D /* stpUITests */ = {
			isa = PBXNativeTarget;
			buildConfigurationList = 7100A61E1E021B4500CB471D /* Build configuration list for PBXNativeTarget "stpUITests" */;
			buildPhases = (
				7100A60B1E021B4500CB471D /* Sources */,
				7100A60C1E021B4500CB471D /* Frameworks */,
				7100A60D1E021B4500CB471D /* Resources */,
			);
			buildRules = (
			);
			dependencies = (
				7100A6111E021B4500CB471D /* PBXTargetDependency */,
			);
			name = stpUITests;
			productName = stpUITests;
			productReference = 7100A60F1E021B4500CB471D /* stpUITests.xctest */;
			productType = "com.apple.product-type.bundle.ui-testing";
		};
/* End PBXNativeTarget section */

/* Begin PBXProject section */
		7100A5E31E021B4400CB471D /* Project object */ = {
			isa = PBXProject;
			attributes = {
				LastUpgradeCheck = 0730;
				ORGANIZATIONNAME = "ITユーザー";
				TargetAttributes = {
					7100A5EA1E021B4400CB471D = {
						CreatedOnToolsVersion = 7.3;
					};
					7100A6031E021B4500CB471D = {
						CreatedOnToolsVersion = 7.3;
						TestTargetID = 7100A5EA1E021B4400CB471D;
					};
					7100A60E1E021B4500CB471D = {
						CreatedOnToolsVersion = 7.3;
						TestTargetID = 7100A5EA1E021B4400CB471D;
					};
				};
			};
			buildConfigurationList = 7100A5E61E021B4400CB471D /* Build configuration list for PBXProject "stp" */;
			compatibilityVersion = "Xcode 3.2";
			developmentRegion = English;
			hasScannedForEncodings = 0;
			knownRegions = (
				en,
				Base,
			);
			mainGroup = 7100A5E21E021B4400CB471D;
			productRefGroup = 7100A5EC1E021B4400CB471D /* Products */;
			projectDirPath = "";
			projectRoot = "";
			targets = (
				7100A5EA1E021B4400CB471D /* stp */,
				7100A6031E021B4500CB471D /* stpTests */,
				7100A60E1E021B4500CB471D /* stpUITests */,
			);
		};
/* End PBXProject section */

/* Begin PBXResourcesBuildPhase section */
		7100A5E91E021B4400CB471D /* Resources */ = {
			isa = PBXResourcesBuildPhase;
			buildActionMask = 2147483647;
			files = (
				7100A5FE1E021B4500CB471D /* LaunchScreen.storyboard in Resources */,
				7100A5FB1E021B4500CB471D /* Assets.xcassets in Resources */,
				7100A5F91E021B4500CB471D /* Main.storyboard in Resources */,
			);
			runOnlyForDeploymentPostprocessing = 0;
		};
		7100A6021E021B4500CB471D /* Resources */ = {
			isa = PBXResourcesBuildPhase;
			buildActionMask = 2147483647;
			files = (
			);
			runOnlyForDeploymentPostprocessing = 0;
		};
		7100A60D1E021B4500CB471D /* Resources */ = {
			isa = PBXResourcesBuildPhase;
			buildActionMask = 2147483647;
			files = (
			);
			runOnlyForDeploymentPostprocessing = 0;
		};
/* End PBXResourcesBuildPhase section */

/* Begin PBXSourcesBuildPhase section */
		7100A5E71E021B4400CB471D /* Sources */ = {
			isa = PBXSourcesBuildPhase;
			buildActionMask = 2147483647;
			files = (
				7100A5F61E021B4400CB471D /* ViewController.m in Sources */,
				7100A5F31E021B4400CB471D /* AppDelegate.m in Sources */,
				7100A5F01E021B4400CB471D /* main.m in Sources */,
			);
			runOnlyForDeploymentPostprocessing = 0;
		};
		7100A6001E021B4500CB471D /* Sources */ = {
			isa = PBXSourcesBuildPhase;
			buildActionMask = 2147483647;
			files = (
				7100A6091E021B4500CB471D /* stpTests.m in Sources */,
			);
			runOnlyForDeploymentPostprocessing = 0;
		};
		7100A60B1E021B4500CB471D /* Sources */ = {
			isa = PBXSourcesBuildPhase;
			buildActionMask = 2147483647;
			files = (
				7100A6141E021B4500CB471D /* stpUITests.m in Sources */,
			);
			runOnlyForDeploymentPostprocessing = 0;
		};
/* End PBXSourcesBuildPhase section */

/* Begin PBXTargetDependency section */
		7100A6061E021B4500CB471D /* PBXTargetDependency */ = {
			isa = PBXTargetDependency;
			target = 7100A5EA1E021B4400CB471D /* stp */;
			targetProxy = 7100A6051E021B4500CB471D /* PBXContainerItemProxy */;
		};
		7100A6111E021B4500CB471D /* PBXTargetDependency */ = {
			isa = PBXTargetDependency;
			target = 7100A5EA1E021B4400CB471D /* stp */;
			targetProxy = 7100A6101E021B4500CB471D /* PBXContainerItemProxy */;
		};
/* End PBXTargetDependency section */

/* Begin PBXVariantGroup section */
		7100A5F71E021B4500CB471D /* Main.storyboard */ = {
			isa = PBXVariantGroup;
			children = (
				7100A5F81E021B4500CB471D /* Base */,
			);
			name = Main.storyboard;
			sourceTree = "<group>";
		};
		7100A5FC1E021B4500CB471D /* LaunchScreen.storyboard */ = {
			isa = PBXVariantGroup;
			children = (
				7100A5FD1E021B4500CB471D /* Base */,
			);
			name = LaunchScreen.storyboard;
			sourceTree = "<group>";
		};
/* End PBXVariantGroup section */

/* Begin XCBuildConfiguration section */
		7100A6161E021B4500CB471D /* Debug */ = {
			isa = XCBuildConfiguration;
			buildSettings = {
				ALWAYS_SEARCH_USER_PATHS = NO;
				CLANG_ANALYZER_NONNULL = YES;
				CLANG_CXX_LANGUAGE_STANDARD = "gnu++0x";
				CLANG_CXX_LIBRARY = "libc++";
				CLANG_ENABLE_MODULES = YES;
				CLANG_ENABLE_OBJC_ARC = YES;
				CLANG_WARN_BOOL_CONVERSION = YES;
				CLANG_WARN_CONSTANT_CONVERSION = YES;
				CLANG_WARN_DIRECT_OBJC_ISA_USAGE = YES_ERROR;
				CLANG_WARN_EMPTY_BODY = YES;
				CLANG_WARN_ENUM_CONVERSION = YES;
				CLANG_WARN_INT_CONVERSION = YES;
				CLANG_WARN_OBJC_ROOT_CLASS = YES_ERROR;
				CLANG_WARN_UNREACHABLE_CODE = YES;
				CLANG_WARN__DUPLICATE_METHOD_MATCH = YES;
				"CODE_SIGN_IDENTITY[sdk=iphoneos*]" = "iPhone Developer";
				COPY_PHASE_STRIP = NO;
				DEBUG_INFORMATION_FORMAT = dwarf;
				ENABLE_STRICT_OBJC_MSGSEND = YES;
				ENABLE_TESTABILITY = YES;
				GCC_C_LANGUAGE_STANDARD = gnu99;
				GCC_DYNAMIC_NO_PIC = NO;
				GCC_NO_COMMON_BLOCKS = YES;
				GCC_OPTIMIZATION_LEVEL = 0;
				GCC_PREPROCESSOR_DEFINITIONS = (
					"DEBUG=1",
					"$(inherited)",
				);
				GCC_WARN_64_TO_32_BIT_CONVERSION = YES;
				GCC_WARN_ABOUT_RETURN_TYPE = YES_ERROR;
				GCC_WARN_UNDECLARED_SELECTOR = YES;
				GCC_WARN_UNINITIALIZED_AUTOS = YES_AGGRESSIVE;
				GCC_WARN_UNUSED_FUNCTION = YES;
				GCC_WARN_UNUSED_VARIABLE = YES;
				IPHONEOS_DEPLOYMENT_TARGET = 9.3;
				MTL_ENABLE_DEBUG_INFO = YES;
				ONLY_ACTIVE_ARCH = YES;
				SDKROOT = iphoneos;
				TARGETED_DEVICE_FAMILY = "1,2";
			};
			name = Debug;
		};
		7100A6171E021B4500CB471D /* Release */ = {
			isa = XCBuildConfiguration;
			buildSettings = {
				ALWAYS_SEARCH_USER_PATHS = NO;
				CLANG_ANALYZER_NONNULL = YES;
				CLANG_CXX_LANGUAGE_STANDARD = "gnu++0x";
				CLANG_CXX_LIBRARY = "libc++";
				CLANG_ENABLE_MODULES = YES;
				CLANG_ENABLE_OBJC_ARC = YES;
				CLANG_WARN_BOOL_CONVERSION = YES;
				CLANG_WARN_CONSTANT_CONVERSION = YES;
				CLANG_WARN_DIRECT_OBJC_ISA_USAGE = YES_ERROR;
				CLANG_WARN_EMPTY_BODY = YES;
				CLANG_WARN_ENUM_CONVERSION = YES;
				CLANG_WARN_INT_CONVERSION = YES;
				CLANG_WARN_OBJC_ROOT_CLASS = YES_ERROR;
				CLANG_WARN_UNREACHABLE_CODE = YES;
				CLANG_WARN__DUPLICATE_METHOD_MATCH = YES;
				"CODE_SIGN_IDENTITY[sdk=iphoneos*]" = "iPhone Developer";
				COPY_PHASE_STRIP = NO;
				DEBUG_INFORMATION_FORMAT = "dwarf-with-dsym";
				ENABLE_NS_ASSERTIONS = NO;
				ENABLE_STRICT_OBJC_MSGSEND = YES;
				GCC_C_LANGUAGE_STANDARD = gnu99;
				GCC_NO_COMMON_BLOCKS = YES;
				GCC_WARN_64_TO_32_BIT_CONVERSION = YES;
				GCC_WARN_ABOUT_RETURN_TYPE = YES_ERROR;
				GCC_WARN_UNDECLARED_SELECTOR = YES;
				GCC_WARN_UNINITIALIZED_AUTOS = YES_AGGRESSIVE;
				GCC_WARN_UNUSED_FUNCTION = YES;
				GCC_WARN_UNUSED_VARIABLE = YES;
				IPHONEOS_DEPLOYMENT_TARGET = 9.3;
				MTL_ENABLE_DEBUG_INFO = NO;
				SDKROOT = iphoneos;
				TARGETED_DEVICE_FAMILY = "1,2";
				VALIDATE_PRODUCT = YES;
			};
			name = Release;
		};
		7100A6191E021B4500CB471D /* Debug */ = {
			isa = XCBuildConfiguration;
			buildSettings = {
				ASSETCATALOG_COMPILER_APPICON_NAME = AppIcon;
				INFOPLIST_FILE = stp/Info.plist;
				LD_RUNPATH_SEARCH_PATHS = "$(inherited) @executable_path/Frameworks";
				PRODUCT_BUNDLE_IDENTIFIER = jp.ac.neec.stp;
				PRODUCT_NAME = "$(TARGET_NAME)";
			};
			name = Debug;
		};
		7100A61A1E021B4500CB471D /* Release */ = {
			isa = XCBuildConfiguration;
			buildSettings = {
				ASSETCATALOG_COMPILER_APPICON_NAME = AppIcon;
				INFOPLIST_FILE = stp/Info.plist;
				LD_RUNPATH_SEARCH_PATHS = "$(inherited) @executable_path/Frameworks";
				PRODUCT_BUNDLE_IDENTIFIER = jp.ac.neec.stp;
				PRODUCT_NAME = "$(TARGET_NAME)";
			};
			name = Release;
		};
		7100A61C1E021B4500CB471D /* Debug */ = {
			isa = XCBuildConfiguration;
			buildSettings = {
				BUNDLE_LOADER = "$(TEST_HOST)";
				INFOPLIST_FILE = stpTests/Info.plist;
				LD_RUNPATH_SEARCH_PATHS = "$(inherited) @executable_path/Frameworks @loader_path/Frameworks";
				PRODUCT_BUNDLE_IDENTIFIER = jp.ac.neec.stpTests;
				PRODUCT_NAME = "$(TARGET_NAME)";
				TEST_HOST = "$(BUILT_PRODUCTS_DIR)/stp.app/stp";
			};
			name = Debug;
		};
		7100A61D1E021B4500CB471D /* Release */ = {
			isa = XCBuildConfiguration;
			buildSettings = {
				BUNDLE_LOADER = "$(TEST_HOST)";
				INFOPLIST_FILE = stpTests/Info.plist;
				LD_RUNPATH_SEARCH_PATHS = "$(inherited) @executable_path/Frameworks @loader_path/Frameworks";
				PRODUCT_BUNDLE_IDENTIFIER = jp.ac.neec.stpTests;
				PRODUCT_NAME = "$(TARGET_NAME)";
				TEST_HOST = "$(BUILT_PRODUCTS_DIR)/stp.app/stp";
			};
			name = Release;
		};
		7100A61F1E021B4500CB471D /* Debug */ = {
			isa = XCBuildConfiguration;
			buildSettings = {
				INFOPLIST_FILE = stpUITests/Info.plist;
				LD_RUNPATH_SEARCH_PATHS = "$(inherited) @executable_path/Frameworks @loader_path/Frameworks";
				PRODUCT_BUNDLE_IDENTIFIER = jp.ac.neec.stpUITests;
				PRODUCT_NAME = "$(TARGET_NAME)";
				TEST_TARGET_NAME = stp;
			};
			name = Debug;
		};
		7100A6201E021B4500CB471D /* Release */ = {
			isa = XCBuildConfiguration;
			buildSettings = {
				INFOPLIST_FILE = stpUITests/Info.plist;
				LD_RUNPATH_SEARCH_PATHS = "$(inherited) @executable_path/Frameworks @loader_path/Frameworks";
				PRODUCT_BUNDLE_IDENTIFIER = jp.ac.neec.stpUITests;
				PRODUCT_NAME = "$(TARGET_NAME)";
				TEST_TARGET_NAME = stp;
			};
			name = Release;
		};
/* End XCBuildConfiguration section */

/* Begin XCConfigurationList section */
		7100A5E61E021B4400CB471D /* Build configuration list for PBXProject "stp" */ = {
			isa = XCConfigurationList;
			buildConfigurations = (
				7100A6161E021B4500CB471D /* Debug */,
				7100A6171E021B4500CB471D /* Release */,
			);
			defaultConfigurationIsVisible = 0;
			defaultConfigurationName = Release;
		};
		7100A6181E021B4500CB471D /* Build configuration list for PBXNativeTarget "stp" */ = {
			isa = XCConfigurationList;
			buildConfigurations = (
				7100A6191E021B4500CB471D /* Debug */,
				7100A61A1E021B4500CB471D /* Release */,
			);
			defaultConfigurationIsVisible = 0;
		};
		7100A61B1E021B4500CB471D /* Build configuration list for PBXNativeTarget "stpTests" */ = {
			isa = XCConfigurationList;
			buildConfigurations = (
				7100A61C1E021B4500CB471D /* Debug */,
				7100A61D1E021B4500CB471D /* Release */,
			);
			defaultConfigurationIsVisible = 0;
		};
		7100A61E1E021B4500CB471D /* Build configuration list for PBXNativeTarget "stpUITests" */ = {
			isa = XCConfigurationList;
			buildConfigurations = (
				7100A61F1E021B4500CB471D /* Debug */,
				7100A6201E021B4500CB471D /* Release */,
			);
			defaultConfigurationIsVisible = 0;
		};
/* End XCConfigurationList section */
	};
	rootObject = 7100A5E31E021B4400CB471D /* Project object */;
}
